// !$*UTF8*$!
{
	archiveVersion = 1;
	classes = {
	};
	objectVersion = 56;
	objects = {

/* Begin PBXBuildFile section */
		3A702A3A2B7F40130037FCFE /* Board+Suggestions.swift in Sources */ = {isa = PBXBuildFile; fileRef = 3A702A392B7F40130037FCFE /* Board+Suggestions.swift */; };
		3A8A7A1A2B7E9C9400732A44 /* NumberView.swift in Sources */ = {isa = PBXBuildFile; fileRef = 3A8A7A192B7E9C9400732A44 /* NumberView.swift */; };
		3A8A7A1D2B7EA17500732A44 /* Defaults in Frameworks */ = {isa = PBXBuildFile; productRef = 3A8A7A1C2B7EA17500732A44 /* Defaults */; };
		3A8A7A1F2B7EA18000732A44 /* Defaults+Keys.swift in Sources */ = {isa = PBXBuildFile; fileRef = 3A8A7A1E2B7EA18000732A44 /* Defaults+Keys.swift */; };
		3A8A7A212B7EA3DC00732A44 /* PersistenceTest.swift in Sources */ = {isa = PBXBuildFile; fileRef = 3A8A7A202B7EA3DC00732A44 /* PersistenceTest.swift */; };
		3A8A7A232B7EA4FD00732A44 /* GameTest.swift in Sources */ = {isa = PBXBuildFile; fileRef = 3A8A7A222B7EA4FD00732A44 /* GameTest.swift */; };
		3A8A7A252B7EA55700732A44 /* Localizable.xcstrings in Resources */ = {isa = PBXBuildFile; fileRef = 3A8A7A242B7EA55700732A44 /* Localizable.xcstrings */; };
		3A8A7A272B7EA86700732A44 /* Board+Solve.swift in Sources */ = {isa = PBXBuildFile; fileRef = 3A8A7A262B7EA86700732A44 /* Board+Solve.swift */; };
		3A8A7A292B7EB31B00732A44 /* NineXNineBoardTest.swift in Sources */ = {isa = PBXBuildFile; fileRef = 3A8A7A282B7EB31B00732A44 /* NineXNineBoardTest.swift */; };
		3A8A7A2B2B7EB32500732A44 /* FourXFourBoardTest.swift in Sources */ = {isa = PBXBuildFile; fileRef = 3A8A7A2A2B7EB32500732A44 /* FourXFourBoardTest.swift */; };
		3AB6D0FB2B7F90BA007C7FA3 /* FailedView.swift in Sources */ = {isa = PBXBuildFile; fileRef = 3AB6D0FA2B7F90BA007C7FA3 /* FailedView.swift */; };
		3AB6D0FD2B7F93C9007C7FA3 /* Game+Interact.swift in Sources */ = {isa = PBXBuildFile; fileRef = 3AB6D0FC2B7F93C9007C7FA3 /* Game+Interact.swift */; };
		3AC0CC782B7F682B006392BA /* Settings.bundle in Resources */ = {isa = PBXBuildFile; fileRef = 3AC0CC772B7F682B006392BA /* Settings.bundle */; };
		3AC0CC7A2B7F6989006392BA /* Board+Clue.swift in Sources */ = {isa = PBXBuildFile; fileRef = 3AC0CC792B7F6989006392BA /* Board+Clue.swift */; };
		3AD567452B7FACD100A33160 /* Board+Animation.swift in Sources */ = {isa = PBXBuildFile; fileRef = 3AD567442B7FACD100A33160 /* Board+Animation.swift */; };
		3AD567472B7FAE0C00A33160 /* GridView+Frame.swift in Sources */ = {isa = PBXBuildFile; fileRef = 3AD567462B7FAE0C00A33160 /* GridView+Frame.swift */; };
		3AD567492B7FAE7B00A33160 /* GameView+Clue.swift in Sources */ = {isa = PBXBuildFile; fileRef = 3AD567482B7FAE7B00A33160 /* GameView+Clue.swift */; };
		3AD6B0192B7E4B200047E28E /* SuDoKuApp.swift in Sources */ = {isa = PBXBuildFile; fileRef = 3AD6B0182B7E4B200047E28E /* SuDoKuApp.swift */; };
		3AD6B01B2B7E4B200047E28E /* ContentView.swift in Sources */ = {isa = PBXBuildFile; fileRef = 3AD6B01A2B7E4B200047E28E /* ContentView.swift */; };
		3AD6B01D2B7E4B210047E28E /* Assets.xcassets in Resources */ = {isa = PBXBuildFile; fileRef = 3AD6B01C2B7E4B210047E28E /* Assets.xcassets */; };
		3AD6B0352B7E4D8B0047E28E /* Board.swift in Sources */ = {isa = PBXBuildFile; fileRef = 3AD6B0342B7E4D8B0047E28E /* Board.swift */; };
		3AD6B0372B7E4D9F0047E28E /* Board+Generate.swift in Sources */ = {isa = PBXBuildFile; fileRef = 3AD6B0362B7E4D9F0047E28E /* Board+Generate.swift */; };
		3AD6B0392B7E4DAD0047E28E /* Board+Validate.swift in Sources */ = {isa = PBXBuildFile; fileRef = 3AD6B0382B7E4DAD0047E28E /* Board+Validate.swift */; };
		3AD6B03B2B7E7D740047E28E /* GameView.swift in Sources */ = {isa = PBXBuildFile; fileRef = 3AD6B03A2B7E7D740047E28E /* GameView.swift */; };
		3AD6B03F2B7E7D920047E28E /* Game.swift in Sources */ = {isa = PBXBuildFile; fileRef = 3AD6B03E2B7E7D920047E28E /* Game.swift */; };
		3AD6B0412B7E8C5B0047E28E /* GridView.swift in Sources */ = {isa = PBXBuildFile; fileRef = 3AD6B0402B7E8C5B0047E28E /* GridView.swift */; };
		3ADFC27B2B80ADCA00C21CC0 /* SetupView.swift in Sources */ = {isa = PBXBuildFile; fileRef = 3ADFC27A2B80ADCA00C21CC0 /* SetupView.swift */; };
		3ADFC27D2B80AE7400C21CC0 /* PlayView.swift in Sources */ = {isa = PBXBuildFile; fileRef = 3ADFC27C2B80AE7400C21CC0 /* PlayView.swift */; };
		3AFF40562B7EC82800301537 /* StatisticsModifier.swift in Sources */ = {isa = PBXBuildFile; fileRef = 3AFF40552B7EC82800301537 /* StatisticsModifier.swift */; };
		3AFF40582B7EC84100301537 /* StatisticsSheet.swift in Sources */ = {isa = PBXBuildFile; fileRef = 3AFF40572B7EC84100301537 /* StatisticsSheet.swift */; };
		3AFF405A2B7ECB1000301537 /* SolvedView.swift in Sources */ = {isa = PBXBuildFile; fileRef = 3AFF40592B7ECB1000301537 /* SolvedView.swift */; };
		95C285CB2D466FD400CE99C7 /* ImageUtilities.swift in Sources */ = {isa = PBXBuildFile; fileRef = 95C285CA2D466FB800CE99C7 /* ImageUtilities.swift */; };
/* End PBXBuildFile section */

/* Begin PBXContainerItemProxy section */
		3AD6B02E2B7E4D4B0047E28E /* PBXContainerItemProxy */ = {
			isa = PBXContainerItemProxy;
			containerPortal = 3AD6B00D2B7E4B1F0047E28E /* Project object */;
			proxyType = 1;
			remoteGlobalIDString = 3AD6B0142B7E4B1F0047E28E;
			remoteInfo = SoDoKu;
		};
/* End PBXContainerItemProxy section */

/* Begin PBXFileReference section */
		3A11A7F62B7F5C87001F26B3 /* Info.plist */ = {isa = PBXFileReference; lastKnownFileType = text.plist; path = Info.plist; sourceTree = "<group>"; };
		3A16875B2B7F57A900284FD3 /* README.md */ = {isa = PBXFileReference; lastKnownFileType = net.daringfireball.markdown; path = README.md; sourceTree = "<group>"; };
		3A702A392B7F40130037FCFE /* Board+Suggestions.swift */ = {isa = PBXFileReference; lastKnownFileType = sourcecode.swift; path = "Board+Suggestions.swift"; sourceTree = "<group>"; };
		3A8A7A192B7E9C9400732A44 /* NumberView.swift */ = {isa = PBXFileReference; lastKnownFileType = sourcecode.swift; path = NumberView.swift; sourceTree = "<group>"; };
		3A8A7A1E2B7EA18000732A44 /* Defaults+Keys.swift */ = {isa = PBXFileReference; lastKnownFileType = sourcecode.swift; path = "Defaults+Keys.swift"; sourceTree = "<group>"; };
		3A8A7A202B7EA3DC00732A44 /* PersistenceTest.swift */ = {isa = PBXFileReference; lastKnownFileType = sourcecode.swift; path = PersistenceTest.swift; sourceTree = "<group>"; };
		3A8A7A222B7EA4FD00732A44 /* GameTest.swift */ = {isa = PBXFileReference; lastKnownFileType = sourcecode.swift; path = GameTest.swift; sourceTree = "<group>"; };
		3A8A7A242B7EA55700732A44 /* Localizable.xcstrings */ = {isa = PBXFileReference; lastKnownFileType = text.json.xcstrings; path = Localizable.xcstrings; sourceTree = "<group>"; };
		3A8A7A262B7EA86700732A44 /* Board+Solve.swift */ = {isa = PBXFileReference; lastKnownFileType = sourcecode.swift; path = "Board+Solve.swift"; sourceTree = "<group>"; };
		3A8A7A282B7EB31B00732A44 /* NineXNineBoardTest.swift */ = {isa = PBXFileReference; lastKnownFileType = sourcecode.swift; path = NineXNineBoardTest.swift; sourceTree = "<group>"; };
		3A8A7A2A2B7EB32500732A44 /* FourXFourBoardTest.swift */ = {isa = PBXFileReference; lastKnownFileType = sourcecode.swift; path = FourXFourBoardTest.swift; sourceTree = "<group>"; };
		3AB6D0FA2B7F90BA007C7FA3 /* FailedView.swift */ = {isa = PBXFileReference; lastKnownFileType = sourcecode.swift; path = FailedView.swift; sourceTree = "<group>"; };
		3AB6D0FC2B7F93C9007C7FA3 /* Game+Interact.swift */ = {isa = PBXFileReference; lastKnownFileType = sourcecode.swift; path = "Game+Interact.swift"; sourceTree = "<group>"; };
		3AC0CC772B7F682B006392BA /* Settings.bundle */ = {isa = PBXFileReference; lastKnownFileType = "wrapper.plug-in"; path = Settings.bundle; sourceTree = "<group>"; };
		3AC0CC792B7F6989006392BA /* Board+Clue.swift */ = {isa = PBXFileReference; lastKnownFileType = sourcecode.swift; path = "Board+Clue.swift"; sourceTree = "<group>"; };
		3AD567442B7FACD100A33160 /* Board+Animation.swift */ = {isa = PBXFileReference; lastKnownFileType = sourcecode.swift; path = "Board+Animation.swift"; sourceTree = "<group>"; };
		3AD567462B7FAE0C00A33160 /* GridView+Frame.swift */ = {isa = PBXFileReference; lastKnownFileType = sourcecode.swift; path = "GridView+Frame.swift"; sourceTree = "<group>"; };
		3AD567482B7FAE7B00A33160 /* GameView+Clue.swift */ = {isa = PBXFileReference; lastKnownFileType = sourcecode.swift; path = "GameView+Clue.swift"; sourceTree = "<group>"; };
		3AD6B0152B7E4B200047E28E /* GemSudoku.app */ = {isa = PBXFileReference; explicitFileType = wrapper.application; includeInIndex = 0; path = GemSudoku.app; sourceTree = BUILT_PRODUCTS_DIR; };
		3AD6B0182B7E4B200047E28E /* SuDoKuApp.swift */ = {isa = PBXFileReference; lastKnownFileType = sourcecode.swift; path = SuDoKuApp.swift; sourceTree = "<group>"; };
		3AD6B01A2B7E4B200047E28E /* ContentView.swift */ = {isa = PBXFileReference; lastKnownFileType = sourcecode.swift; path = ContentView.swift; sourceTree = "<group>"; };
		3AD6B01C2B7E4B210047E28E /* Assets.xcassets */ = {isa = PBXFileReference; lastKnownFileType = folder.assetcatalog; path = Assets.xcassets; sourceTree = "<group>"; };
		3AD6B02A2B7E4D4B0047E28E /* GemSudokuTests.xctest */ = {isa = PBXFileReference; explicitFileType = wrapper.cfbundle; includeInIndex = 0; path = GemSudokuTests.xctest; sourceTree = BUILT_PRODUCTS_DIR; };
		3AD6B0342B7E4D8B0047E28E /* Board.swift */ = {isa = PBXFileReference; lastKnownFileType = sourcecode.swift; path = Board.swift; sourceTree = "<group>"; };
		3AD6B0362B7E4D9F0047E28E /* Board+Generate.swift */ = {isa = PBXFileReference; lastKnownFileType = sourcecode.swift; path = "Board+Generate.swift"; sourceTree = "<group>"; };
		3AD6B0382B7E4DAD0047E28E /* Board+Validate.swift */ = {isa = PBXFileReference; lastKnownFileType = sourcecode.swift; path = "Board+Validate.swift"; sourceTree = "<group>"; };
		3AD6B03A2B7E7D740047E28E /* GameView.swift */ = {isa = PBXFileReference; lastKnownFileType = sourcecode.swift; path = GameView.swift; sourceTree = "<group>"; };
		3AD6B03E2B7E7D920047E28E /* Game.swift */ = {isa = PBXFileReference; lastKnownFileType = sourcecode.swift; path = Game.swift; sourceTree = "<group>"; };
		3AD6B0402B7E8C5B0047E28E /* GridView.swift */ = {isa = PBXFileReference; lastKnownFileType = sourcecode.swift; path = GridView.swift; sourceTree = "<group>"; };
		3ADFC27A2B80ADCA00C21CC0 /* SetupView.swift */ = {isa = PBXFileReference; lastKnownFileType = sourcecode.swift; path = SetupView.swift; sourceTree = "<group>"; };
		3ADFC27C2B80AE7400C21CC0 /* PlayView.swift */ = {isa = PBXFileReference; lastKnownFileType = sourcecode.swift; path = PlayView.swift; sourceTree = "<group>"; };
		3AFF40552B7EC82800301537 /* StatisticsModifier.swift */ = {isa = PBXFileReference; lastKnownFileType = sourcecode.swift; path = StatisticsModifier.swift; sourceTree = "<group>"; };
		3AFF40572B7EC84100301537 /* StatisticsSheet.swift */ = {isa = PBXFileReference; lastKnownFileType = sourcecode.swift; path = StatisticsSheet.swift; sourceTree = "<group>"; };
		3AFF40592B7ECB1000301537 /* SolvedView.swift */ = {isa = PBXFileReference; lastKnownFileType = sourcecode.swift; path = SolvedView.swift; sourceTree = "<group>"; };
		95C285CA2D466FB800CE99C7 /* ImageUtilities.swift */ = {isa = PBXFileReference; lastKnownFileType = sourcecode.swift; path = ImageUtilities.swift; sourceTree = "<group>"; };
/* End PBXFileReference section */

/* Begin PBXFrameworksBuildPhase section */
		3AD6B0122B7E4B1F0047E28E /* Frameworks */ = {
			isa = PBXFrameworksBuildPhase;
			buildActionMask = 2147483647;
			files = (
				3A8A7A1D2B7EA17500732A44 /* Defaults in Frameworks */,
			);
			runOnlyForDeploymentPostprocessing = 0;
		};
		3AD6B0272B7E4D4B0047E28E /* Frameworks */ = {
			isa = PBXFrameworksBuildPhase;
			buildActionMask = 2147483647;
			files = (
			);
			runOnlyForDeploymentPostprocessing = 0;
		};
/* End PBXFrameworksBuildPhase section */

/* Begin PBXGroup section */
		3AD6B00C2B7E4B1F0047E28E = {
			isa = PBXGroup;
			children = (
				3A16875B2B7F57A900284FD3 /* README.md */,
				3AD6B0172B7E4B200047E28E /* SuDoKu */,
				3AD6B02B2B7E4D4B0047E28E /* SuDoKuTests */,
				3AD6B0162B7E4B200047E28E /* Products */,
			);
			sourceTree = "<group>";
		};
		3AD6B0162B7E4B200047E28E /* Products */ = {
			isa = PBXGroup;
			children = (
				3AD6B0152B7E4B200047E28E /* GemSudoku.app */,
				3AD6B02A2B7E4D4B0047E28E /* GemSudokuTests.xctest */,
			);
			name = Products;
			sourceTree = "<group>";
		};
		3AD6B0172B7E4B200047E28E /* SuDoKu */ = {
			isa = PBXGroup;
			children = (
				3AD6B03D2B7E7D7E0047E28E /* Core */,
				3AD6B03C2B7E7D790047E28E /* Game */,
				3AD6B0332B7E4D830047E28E /* Board */,
				3ADFC2792B80ADB900C21CC0 /* Utility */,
				3AFF40542B7EC81800301537 /* Statistics */,
				3A11A7F62B7F5C87001F26B3 /* Info.plist */,
				3AD6B01C2B7E4B210047E28E /* Assets.xcassets */,
				3AC0CC772B7F682B006392BA /* Settings.bundle */,
				3A8A7A242B7EA55700732A44 /* Localizable.xcstrings */,
			);
			path = SuDoKu;
			sourceTree = "<group>";
		};
		3AD6B02B2B7E4D4B0047E28E /* SuDoKuTests */ = {
			isa = PBXGroup;
			children = (
				3A8A7A222B7EA4FD00732A44 /* GameTest.swift */,
				3A8A7A202B7EA3DC00732A44 /* PersistenceTest.swift */,
				3A8A7A2A2B7EB32500732A44 /* FourXFourBoardTest.swift */,
				3A8A7A282B7EB31B00732A44 /* NineXNineBoardTest.swift */,
			);
			path = SuDoKuTests;
			sourceTree = "<group>";
		};
		3AD6B0332B7E4D830047E28E /* Board */ = {
			isa = PBXGroup;
			children = (
				3AD6B0342B7E4D8B0047E28E /* Board.swift */,
				3AC0CC792B7F6989006392BA /* Board+Clue.swift */,
				3A8A7A262B7EA86700732A44 /* Board+Solve.swift */,
				3AD6B0382B7E4DAD0047E28E /* Board+Validate.swift */,
				3AD6B0362B7E4D9F0047E28E /* Board+Generate.swift */,
				3AD567442B7FACD100A33160 /* Board+Animation.swift */,
				3A702A392B7F40130037FCFE /* Board+Suggestions.swift */,
			);
			path = Board;
			sourceTree = "<group>";
		};
		3AD6B03C2B7E7D790047E28E /* Game */ = {
			isa = PBXGroup;
			children = (
				95C285CA2D466FB800CE99C7 /* ImageUtilities.swift */,
				3AD6B03E2B7E7D920047E28E /* Game.swift */,
				3AB6D0FC2B7F93C9007C7FA3 /* Game+Interact.swift */,
				3AD6B03A2B7E7D740047E28E /* GameView.swift */,
				3AD567482B7FAE7B00A33160 /* GameView+Clue.swift */,
				3AD6B0402B7E8C5B0047E28E /* GridView.swift */,
				3AD567462B7FAE0C00A33160 /* GridView+Frame.swift */,
				3A8A7A192B7E9C9400732A44 /* NumberView.swift */,
				3ADFC27C2B80AE7400C21CC0 /* PlayView.swift */,
			);
			path = Game;
			sourceTree = "<group>";
		};
		3AD6B03D2B7E7D7E0047E28E /* Core */ = {
			isa = PBXGroup;
			children = (
				3AD6B0182B7E4B200047E28E /* SuDoKuApp.swift */,
				3AD6B01A2B7E4B200047E28E /* ContentView.swift */,
				3A8A7A1E2B7EA18000732A44 /* Defaults+Keys.swift */,
			);
			path = Core;
			sourceTree = "<group>";
		};
		3ADFC2792B80ADB900C21CC0 /* Utility */ = {
			isa = PBXGroup;
			children = (
				3ADFC27A2B80ADCA00C21CC0 /* SetupView.swift */,
				3AB6D0FA2B7F90BA007C7FA3 /* FailedView.swift */,
				3AFF40592B7ECB1000301537 /* SolvedView.swift */,
			);
			path = Utility;
			sourceTree = "<group>";
		};
		3AFF40542B7EC81800301537 /* Statistics */ = {
			isa = PBXGroup;
			children = (
				3AFF40572B7EC84100301537 /* StatisticsSheet.swift */,
				3AFF40552B7EC82800301537 /* StatisticsModifier.swift */,
			);
			path = Statistics;
			sourceTree = "<group>";
		};
/* End PBXGroup section */

/* Begin PBXNativeTarget section */
		3AD6B0142B7E4B1F0047E28E /* GemSudoku */ = {
			isa = PBXNativeTarget;
			buildConfigurationList = 3AD6B0232B7E4B210047E28E /* Build configuration list for PBXNativeTarget "GemSudoku" */;
			buildPhases = (
				3AD6B0112B7E4B1F0047E28E /* Sources */,
				3AD6B0122B7E4B1F0047E28E /* Frameworks */,
				3AD6B0132B7E4B1F0047E28E /* Resources */,
				3A86F0132B7EDA3500FD2937 /* ShellScript */,
			);
			buildRules = (
			);
			dependencies = (
			);
			name = GemSudoku;
			packageProductDependencies = (
				3A8A7A1C2B7EA17500732A44 /* Defaults */,
			);
			productName = SoDoKu;
			productReference = 3AD6B0152B7E4B200047E28E /* GemSudoku.app */;
			productType = "com.apple.product-type.application";
		};
		3AD6B0292B7E4D4B0047E28E /* GemSudokuTests */ = {
			isa = PBXNativeTarget;
			buildConfigurationList = 3AD6B0302B7E4D4B0047E28E /* Build configuration list for PBXNativeTarget "GemSudokuTests" */;
			buildPhases = (
				3AD6B0262B7E4D4B0047E28E /* Sources */,
				3AD6B0272B7E4D4B0047E28E /* Frameworks */,
				3AD6B0282B7E4D4B0047E28E /* Resources */,
			);
			buildRules = (
			);
			dependencies = (
				3AD6B02F2B7E4D4B0047E28E /* PBXTargetDependency */,
			);
			name = GemSudokuTests;
			productName = SoDoKuTests;
			productReference = 3AD6B02A2B7E4D4B0047E28E /* GemSudokuTests.xctest */;
			productType = "com.apple.product-type.bundle.unit-test";
		};
/* End PBXNativeTarget section */

/* Begin PBXProject section */
		3AD6B00D2B7E4B1F0047E28E /* Project object */ = {
			isa = PBXProject;
			attributes = {
				BuildIndependentTargetsInParallel = 1;
				LastSwiftUpdateCheck = 1520;
				LastUpgradeCheck = 1620;
				TargetAttributes = {
					3AD6B0142B7E4B1F0047E28E = {
						CreatedOnToolsVersion = 15.2;
					};
					3AD6B0292B7E4D4B0047E28E = {
						CreatedOnToolsVersion = 15.2;
						TestTargetID = 3AD6B0142B7E4B1F0047E28E;
					};
				};
			};
			buildConfigurationList = 3AD6B0102B7E4B1F0047E28E /* Build configuration list for PBXProject "GemSudoku" */;
			compatibilityVersion = "Xcode 14.0";
			developmentRegion = en;
			hasScannedForEncodings = 0;
			knownRegions = (
				en,
				Base,
				de,
				sv,
			);
			mainGroup = 3AD6B00C2B7E4B1F0047E28E;
			packageReferences = (
				3A8A7A1B2B7EA17500732A44 /* XCRemoteSwiftPackageReference "Defaults" */,
			);
			productRefGroup = 3AD6B0162B7E4B200047E28E /* Products */;
			projectDirPath = "";
			projectRoot = "";
			targets = (
				3AD6B0142B7E4B1F0047E28E /* GemSudoku */,
				3AD6B0292B7E4D4B0047E28E /* GemSudokuTests */,
			);
		};
/* End PBXProject section */

/* Begin PBXResourcesBuildPhase section */
		3AD6B0132B7E4B1F0047E28E /* Resources */ = {
			isa = PBXResourcesBuildPhase;
			buildActionMask = 2147483647;
			files = (
				3A8A7A252B7EA55700732A44 /* Localizable.xcstrings in Resources */,
				3AC0CC782B7F682B006392BA /* Settings.bundle in Resources */,
				3AD6B01D2B7E4B210047E28E /* Assets.xcassets in Resources */,
			);
			runOnlyForDeploymentPostprocessing = 0;
		};
		3AD6B0282B7E4D4B0047E28E /* Resources */ = {
			isa = PBXResourcesBuildPhase;
			buildActionMask = 2147483647;
			files = (
			);
			runOnlyForDeploymentPostprocessing = 0;
		};
/* End PBXResourcesBuildPhase section */

/* Begin PBXShellScriptBuildPhase section */
		3A86F0132B7EDA3500FD2937 /* ShellScript */ = {
			isa = PBXShellScriptBuildPhase;
			alwaysOutOfDate = 1;
			buildActionMask = 2147483647;
			files = (
			);
			inputFileListPaths = (
			);
			inputPaths = (
			);
			outputFileListPaths = (
			);
			outputPaths = (
			);
			runOnlyForDeploymentPostprocessing = 0;
			shellPath = /bin/sh;
			shellScript = "if [ \"${CONFIGURATION}\" = \"Release\" ]; then\n    buildNumber=$(git rev-list --count head)\n    /usr/libexec/PlistBuddy -c \"Set :CFBundleVersion $buildNumber\" \"${TARGET_BUILD_DIR}/${INFOPLIST_PATH}\"\nfi\n";
		};
/* End PBXShellScriptBuildPhase section */

/* Begin PBXSourcesBuildPhase section */
		3AD6B0112B7E4B1F0047E28E /* Sources */ = {
			isa = PBXSourcesBuildPhase;
			buildActionMask = 2147483647;
			files = (
				3AD6B01B2B7E4B200047E28E /* ContentView.swift in Sources */,
				3AFF40562B7EC82800301537 /* StatisticsModifier.swift in Sources */,
				3A702A3A2B7F40130037FCFE /* Board+Suggestions.swift in Sources */,
				3AD6B0392B7E4DAD0047E28E /* Board+Validate.swift in Sources */,
				3ADFC27B2B80ADCA00C21CC0 /* SetupView.swift in Sources */,
				3AFF405A2B7ECB1000301537 /* SolvedView.swift in Sources */,
				3ADFC27D2B80AE7400C21CC0 /* PlayView.swift in Sources */,
				3A8A7A272B7EA86700732A44 /* Board+Solve.swift in Sources */,
				3A8A7A1A2B7E9C9400732A44 /* NumberView.swift in Sources */,
				3AC0CC7A2B7F6989006392BA /* Board+Clue.swift in Sources */,
				3AD567492B7FAE7B00A33160 /* GameView+Clue.swift in Sources */,
				3AD6B0412B7E8C5B0047E28E /* GridView.swift in Sources */,
				3AD6B03F2B7E7D920047E28E /* Game.swift in Sources */,
				3AD567452B7FACD100A33160 /* Board+Animation.swift in Sources */,
				3AD6B0372B7E4D9F0047E28E /* Board+Generate.swift in Sources */,
				3AB6D0FD2B7F93C9007C7FA3 /* Game+Interact.swift in Sources */,
				3AFF40582B7EC84100301537 /* StatisticsSheet.swift in Sources */,
				3AD6B0192B7E4B200047E28E /* SuDoKuApp.swift in Sources */,
				3AB6D0FB2B7F90BA007C7FA3 /* FailedView.swift in Sources */,
				3AD567472B7FAE0C00A33160 /* GridView+Frame.swift in Sources */,
				3AD6B03B2B7E7D740047E28E /* GameView.swift in Sources */,
				3AD6B0352B7E4D8B0047E28E /* Board.swift in Sources */,
				95C285CB2D466FD400CE99C7 /* ImageUtilities.swift in Sources */,
				3A8A7A1F2B7EA18000732A44 /* Defaults+Keys.swift in Sources */,
			);
			runOnlyForDeploymentPostprocessing = 0;
		};
		3AD6B0262B7E4D4B0047E28E /* Sources */ = {
			isa = PBXSourcesBuildPhase;
			buildActionMask = 2147483647;
			files = (
				3A8A7A212B7EA3DC00732A44 /* PersistenceTest.swift in Sources */,
				3A8A7A2B2B7EB32500732A44 /* FourXFourBoardTest.swift in Sources */,
				3A8A7A232B7EA4FD00732A44 /* GameTest.swift in Sources */,
				3A8A7A292B7EB31B00732A44 /* NineXNineBoardTest.swift in Sources */,
			);
			runOnlyForDeploymentPostprocessing = 0;
		};
/* End PBXSourcesBuildPhase section */

/* Begin PBXTargetDependency section */
		3AD6B02F2B7E4D4B0047E28E /* PBXTargetDependency */ = {
			isa = PBXTargetDependency;
			target = 3AD6B0142B7E4B1F0047E28E /* GemSudoku */;
			targetProxy = 3AD6B02E2B7E4D4B0047E28E /* PBXContainerItemProxy */;
		};
/* End PBXTargetDependency section */

/* Begin XCBuildConfiguration section */
		3AD6B0212B7E4B210047E28E /* Debug */ = {
			isa = XCBuildConfiguration;
			buildSettings = {
				ALWAYS_SEARCH_USER_PATHS = NO;
				ASSETCATALOG_COMPILER_GENERATE_SWIFT_ASSET_SYMBOL_EXTENSIONS = YES;
				CLANG_ANALYZER_LOCALIZABILITY_NONLOCALIZED = YES;
				CLANG_ANALYZER_NONNULL = YES;
				CLANG_ANALYZER_NUMBER_OBJECT_CONVERSION = YES_AGGRESSIVE;
				CLANG_CXX_LANGUAGE_STANDARD = "gnu++20";
				CLANG_ENABLE_MODULES = YES;
				CLANG_ENABLE_OBJC_ARC = YES;
				CLANG_ENABLE_OBJC_WEAK = YES;
				CLANG_WARN_BLOCK_CAPTURE_AUTORELEASING = YES;
				CLANG_WARN_BOOL_CONVERSION = YES;
				CLANG_WARN_COMMA = YES;
				CLANG_WARN_CONSTANT_CONVERSION = YES;
				CLANG_WARN_DEPRECATED_OBJC_IMPLEMENTATIONS = YES;
				CLANG_WARN_DIRECT_OBJC_ISA_USAGE = YES_ERROR;
				CLANG_WARN_DOCUMENTATION_COMMENTS = YES;
				CLANG_WARN_EMPTY_BODY = YES;
				CLANG_WARN_ENUM_CONVERSION = YES;
				CLANG_WARN_INFINITE_RECURSION = YES;
				CLANG_WARN_INT_CONVERSION = YES;
				CLANG_WARN_NON_LITERAL_NULL_CONVERSION = YES;
				CLANG_WARN_OBJC_IMPLICIT_RETAIN_SELF = YES;
				CLANG_WARN_OBJC_LITERAL_CONVERSION = YES;
				CLANG_WARN_OBJC_ROOT_CLASS = YES_ERROR;
				CLANG_WARN_QUOTED_INCLUDE_IN_FRAMEWORK_HEADER = YES;
				CLANG_WARN_RANGE_LOOP_ANALYSIS = YES;
				CLANG_WARN_STRICT_PROTOTYPES = YES;
				CLANG_WARN_SUSPICIOUS_MOVE = YES;
				CLANG_WARN_UNGUARDED_AVAILABILITY = YES_AGGRESSIVE;
				CLANG_WARN_UNREACHABLE_CODE = YES;
				CLANG_WARN__DUPLICATE_METHOD_MATCH = YES;
				COPY_PHASE_STRIP = NO;
				DEBUG_INFORMATION_FORMAT = dwarf;
				ENABLE_STRICT_OBJC_MSGSEND = YES;
				ENABLE_TESTABILITY = YES;
				ENABLE_USER_SCRIPT_SANDBOXING = NO;
				GCC_C_LANGUAGE_STANDARD = gnu17;
				GCC_DYNAMIC_NO_PIC = NO;
				GCC_NO_COMMON_BLOCKS = YES;
				GCC_OPTIMIZATION_LEVEL = 0;
				GCC_PREPROCESSOR_DEFINITIONS = (
					"DEBUG=1",
					"$(inherited)",
				);
				GCC_WARN_64_TO_32_BIT_CONVERSION = YES;
				GCC_WARN_ABOUT_RETURN_TYPE = YES_ERROR;
				GCC_WARN_UNDECLARED_SELECTOR = YES;
				GCC_WARN_UNINITIALIZED_AUTOS = YES_AGGRESSIVE;
				GCC_WARN_UNUSED_FUNCTION = YES;
				GCC_WARN_UNUSED_VARIABLE = YES;
				IPHONEOS_DEPLOYMENT_TARGET = 17.2;
				LOCALIZATION_PREFERS_STRING_CATALOGS = YES;
				MTL_ENABLE_DEBUG_INFO = INCLUDE_SOURCE;
				MTL_FAST_MATH = YES;
				ONLY_ACTIVE_ARCH = YES;
				SDKROOT = iphoneos;
				SWIFT_ACTIVE_COMPILATION_CONDITIONS = "DEBUG $(inherited)";
				SWIFT_OPTIMIZATION_LEVEL = "-Onone";
			};
			name = Debug;
		};
		3AD6B0222B7E4B210047E28E /* Release */ = {
			isa = XCBuildConfiguration;
			buildSettings = {
				ALWAYS_SEARCH_USER_PATHS = NO;
				ASSETCATALOG_COMPILER_GENERATE_SWIFT_ASSET_SYMBOL_EXTENSIONS = YES;
				CLANG_ANALYZER_LOCALIZABILITY_NONLOCALIZED = YES;
				CLANG_ANALYZER_NONNULL = YES;
				CLANG_ANALYZER_NUMBER_OBJECT_CONVERSION = YES_AGGRESSIVE;
				CLANG_CXX_LANGUAGE_STANDARD = "gnu++20";
				CLANG_ENABLE_MODULES = YES;
				CLANG_ENABLE_OBJC_ARC = YES;
				CLANG_ENABLE_OBJC_WEAK = YES;
				CLANG_WARN_BLOCK_CAPTURE_AUTORELEASING = YES;
				CLANG_WARN_BOOL_CONVERSION = YES;
				CLANG_WARN_COMMA = YES;
				CLANG_WARN_CONSTANT_CONVERSION = YES;
				CLANG_WARN_DEPRECATED_OBJC_IMPLEMENTATIONS = YES;
				CLANG_WARN_DIRECT_OBJC_ISA_USAGE = YES_ERROR;
				CLANG_WARN_DOCUMENTATION_COMMENTS = YES;
				CLANG_WARN_EMPTY_BODY = YES;
				CLANG_WARN_ENUM_CONVERSION = YES;
				CLANG_WARN_INFINITE_RECURSION = YES;
				CLANG_WARN_INT_CONVERSION = YES;
				CLANG_WARN_NON_LITERAL_NULL_CONVERSION = YES;
				CLANG_WARN_OBJC_IMPLICIT_RETAIN_SELF = YES;
				CLANG_WARN_OBJC_LITERAL_CONVERSION = YES;
				CLANG_WARN_OBJC_ROOT_CLASS = YES_ERROR;
				CLANG_WARN_QUOTED_INCLUDE_IN_FRAMEWORK_HEADER = YES;
				CLANG_WARN_RANGE_LOOP_ANALYSIS = YES;
				CLANG_WARN_STRICT_PROTOTYPES = YES;
				CLANG_WARN_SUSPICIOUS_MOVE = YES;
				CLANG_WARN_UNGUARDED_AVAILABILITY = YES_AGGRESSIVE;
				CLANG_WARN_UNREACHABLE_CODE = YES;
				CLANG_WARN__DUPLICATE_METHOD_MATCH = YES;
				COPY_PHASE_STRIP = NO;
				DEBUG_INFORMATION_FORMAT = "dwarf-with-dsym";
				ENABLE_NS_ASSERTIONS = NO;
				ENABLE_STRICT_OBJC_MSGSEND = YES;
				ENABLE_USER_SCRIPT_SANDBOXING = NO;
				GCC_C_LANGUAGE_STANDARD = gnu17;
				GCC_NO_COMMON_BLOCKS = YES;
				GCC_WARN_64_TO_32_BIT_CONVERSION = YES;
				GCC_WARN_ABOUT_RETURN_TYPE = YES_ERROR;
				GCC_WARN_UNDECLARED_SELECTOR = YES;
				GCC_WARN_UNINITIALIZED_AUTOS = YES_AGGRESSIVE;
				GCC_WARN_UNUSED_FUNCTION = YES;
				GCC_WARN_UNUSED_VARIABLE = YES;
				IPHONEOS_DEPLOYMENT_TARGET = 17.2;
				LOCALIZATION_PREFERS_STRING_CATALOGS = YES;
				MTL_ENABLE_DEBUG_INFO = NO;
				MTL_FAST_MATH = YES;
				SDKROOT = iphoneos;
				SWIFT_COMPILATION_MODE = wholemodule;
				VALIDATE_PRODUCT = YES;
			};
			name = Release;
		};
		3AD6B0242B7E4B210047E28E /* Debug */ = {
			isa = XCBuildConfiguration;
			buildSettings = {
				ALLOW_TARGET_PLATFORM_SPECIALIZATION = YES;
				ASSETCATALOG_COMPILER_APPICON_NAME = AppIcon;
				ASSETCATALOG_COMPILER_GLOBAL_ACCENT_COLOR_NAME = AccentColor;
				CODE_SIGN_STYLE = Automatic;
				CURRENT_PROJECT_VERSION = DEVELOPMENT;
				DEVELOPMENT_ASSET_PATHS = "";
				DEVELOPMENT_TEAM = SZJ8KR5DQ5;
				ENABLE_PREVIEWS = YES;
				GENERATE_INFOPLIST_FILE = YES;
				INFOPLIST_FILE = SuDoKu/Info.plist;
				INFOPLIST_KEY_CFBundleDisplayName = GemSudoku;
				INFOPLIST_KEY_LSApplicationCategoryType = "public.app-category.games";
				INFOPLIST_KEY_UIApplicationSceneManifest_Generation = YES;
				INFOPLIST_KEY_UIApplicationSupportsIndirectInputEvents = YES;
				INFOPLIST_KEY_UILaunchScreen_Generation = YES;
				INFOPLIST_KEY_UISupportedInterfaceOrientations = UIInterfaceOrientationPortrait;
				LD_RUNPATH_SEARCH_PATHS = (
					"$(inherited)",
					"@executable_path/Frameworks",
				);
				MARKETING_VERSION = 1.1;
				PRODUCT_BUNDLE_IDENTIFIER = com.braba.GemSudoku;
				PRODUCT_NAME = "$(TARGET_NAME)";
				SUPPORTED_PLATFORMS = "iphoneos iphonesimulator";
				SUPPORTS_MACCATALYST = NO;
				SUPPORTS_MAC_DESIGNED_FOR_IPHONE_IPAD = NO;
				SUPPORTS_XR_DESIGNED_FOR_IPHONE_IPAD = NO;
				SWIFT_EMIT_LOC_STRINGS = YES;
				SWIFT_VERSION = 5.0;
				TARGETED_DEVICE_FAMILY = "1,2";
			};
			name = Debug;
		};
		3AD6B0252B7E4B210047E28E /* Release */ = {
			isa = XCBuildConfiguration;
			buildSettings = {
				ALLOW_TARGET_PLATFORM_SPECIALIZATION = YES;
				ASSETCATALOG_COMPILER_APPICON_NAME = AppIcon;
				ASSETCATALOG_COMPILER_GLOBAL_ACCENT_COLOR_NAME = AccentColor;
				CODE_SIGN_STYLE = Automatic;
				CURRENT_PROJECT_VERSION = DEVELOPMENT;
				DEVELOPMENT_ASSET_PATHS = "";
				DEVELOPMENT_TEAM = SZJ8KR5DQ5;
				ENABLE_PREVIEWS = YES;
				GENERATE_INFOPLIST_FILE = YES;
				INFOPLIST_FILE = SuDoKu/Info.plist;
				INFOPLIST_KEY_CFBundleDisplayName = GemSudoku;
				INFOPLIST_KEY_LSApplicationCategoryType = "public.app-category.games";
				INFOPLIST_KEY_UIApplicationSceneManifest_Generation = YES;
				INFOPLIST_KEY_UIApplicationSupportsIndirectInputEvents = YES;
				INFOPLIST_KEY_UILaunchScreen_Generation = YES;
				INFOPLIST_KEY_UISupportedInterfaceOrientations = UIInterfaceOrientationPortrait;
				LD_RUNPATH_SEARCH_PATHS = (
					"$(inherited)",
					"@executable_path/Frameworks",
				);
				MARKETING_VERSION = 1.1;
				PRODUCT_BUNDLE_IDENTIFIER = com.braba.GemSudoku;
				PRODUCT_NAME = "$(TARGET_NAME)";
				SUPPORTED_PLATFORMS = "iphoneos iphonesimulator";
				SUPPORTS_MACCATALYST = NO;
				SUPPORTS_MAC_DESIGNED_FOR_IPHONE_IPAD = NO;
				SUPPORTS_XR_DESIGNED_FOR_IPHONE_IPAD = NO;
				SWIFT_EMIT_LOC_STRINGS = YES;
				SWIFT_VERSION = 5.0;
				TARGETED_DEVICE_FAMILY = "1,2";
			};
			name = Release;
		};
		3AD6B0312B7E4D4B0047E28E /* Debug */ = {
			isa = XCBuildConfiguration;
			buildSettings = {
				BUNDLE_LOADER = "$(TEST_HOST)";
				CODE_SIGN_STYLE = Automatic;
				CURRENT_PROJECT_VERSION = 1;
				DEVELOPMENT_TEAM = N8AA4S3S96;
				GENERATE_INFOPLIST_FILE = YES;
				MARKETING_VERSION = 1.0;
				PRODUCT_BUNDLE_IDENTIFIER = io.rfk.SuDoKuTests;
				PRODUCT_NAME = "$(TARGET_NAME)";
				SWIFT_EMIT_LOC_STRINGS = NO;
				SWIFT_VERSION = 5.0;
				TARGETED_DEVICE_FAMILY = "1,2";
				TEST_HOST = "$(BUILT_PRODUCTS_DIR)/GemSudoku.app/$(BUNDLE_EXECUTABLE_FOLDER_PATH)/GemSudoku";
			};
			name = Debug;
		};
		3AD6B0322B7E4D4B0047E28E /* Release */ = {
			isa = XCBuildConfiguration;
			buildSettings = {
				BUNDLE_LOADER = "$(TEST_HOST)";
				CODE_SIGN_STYLE = Automatic;
				CURRENT_PROJECT_VERSION = 1;
				DEVELOPMENT_TEAM = N8AA4S3S96;
				GENERATE_INFOPLIST_FILE = YES;
				MARKETING_VERSION = 1.0;
				PRODUCT_BUNDLE_IDENTIFIER = io.rfk.SuDoKuTests;
				PRODUCT_NAME = "$(TARGET_NAME)";
				SWIFT_EMIT_LOC_STRINGS = NO;
				SWIFT_VERSION = 5.0;
				TARGETED_DEVICE_FAMILY = "1,2";
				TEST_HOST = "$(BUILT_PRODUCTS_DIR)/GemSudoku.app/$(BUNDLE_EXECUTABLE_FOLDER_PATH)/GemSudoku";
			};
			name = Release;
		};
/* End XCBuildConfiguration section */

/* Begin XCConfigurationList section */
		3AD6B0102B7E4B1F0047E28E /* Build configuration list for PBXProject "GemSudoku" */ = {
			isa = XCConfigurationList;
			buildConfigurations = (
				3AD6B0212B7E4B210047E28E /* Debug */,
				3AD6B0222B7E4B210047E28E /* Release */,
			);
			defaultConfigurationIsVisible = 0;
			defaultConfigurationName = Release;
		};
		3AD6B0232B7E4B210047E28E /* Build configuration list for PBXNativeTarget "GemSudoku" */ = {
			isa = XCConfigurationList;
			buildConfigurations = (
				3AD6B0242B7E4B210047E28E /* Debug */,
				3AD6B0252B7E4B210047E28E /* Release */,
			);
			defaultConfigurationIsVisible = 0;
			defaultConfigurationName = Release;
		};
		3AD6B0302B7E4D4B0047E28E /* Build configuration list for PBXNativeTarget "GemSudokuTests" */ = {
			isa = XCConfigurationList;
			buildConfigurations = (
				3AD6B0312B7E4D4B0047E28E /* Debug */,
				3AD6B0322B7E4D4B0047E28E /* Release */,
			);
			defaultConfigurationIsVisible = 0;
			defaultConfigurationName = Release;
		};
/* End XCConfigurationList section */

/* Begin XCRemoteSwiftPackageReference section */
		3A8A7A1B2B7EA17500732A44 /* XCRemoteSwiftPackageReference "Defaults" */ = {
			isa = XCRemoteSwiftPackageReference;
			repositoryURL = "https://github.com/sindresorhus/Defaults";
			requirement = {
				branch = main;
				kind = branch;
			};
		};
/* End XCRemoteSwiftPackageReference section */

/* Begin XCSwiftPackageProductDependency section */
		3A8A7A1C2B7EA17500732A44 /* Defaults */ = {
			isa = XCSwiftPackageProductDependency;
			package = 3A8A7A1B2B7EA17500732A44 /* XCRemoteSwiftPackageReference "Defaults" */;
			productName = Defaults;
		};
/* End XCSwiftPackageProductDependency section */
	};
	rootObject = 3AD6B00D2B7E4B1F0047E28E /* Project object */;
}
